{
  "name": "markdownsa",
  "version": "1.0.0",
  "lockfileVersion": 2,
  "requires": true,
  "packages": {
    "": {
      "name": "markdownsa",
      "version": "1.0.0",
      "license": "ISC",
      "dependencies": {
        "@toast-ui/editor": "^3.2.2",
        "@toast-ui/editor-plugin-chart": "^3.0.1",
        "@toast-ui/editor-plugin-code-syntax-highlight": "^3.1.0",
        "@toast-ui/editor-plugin-color-syntax": "^3.1.0",
        "@toast-ui/editor-plugin-table-merged-cell": "^3.1.0",
        "@toast-ui/editor-plugin-uml": "^3.0.1",
        "idb-keyval": "^6.2.0",
        "jquery": "^3.6.3"
      }
    },
    "node_modules/@toast-ui/chart": {
      "version": "4.6.1",
      "resolved": "https://registry.npmjs.org/@toast-ui/chart/-/chart-4.6.1.tgz",
      "integrity": "sha512-F35IkHS0U9zqN6xIV1Yj3/wh8KGlZyzT3bwVGBJh/82DMDMn8rD2Us8X7xBMBGcZ3E15qkfnKjrATxU5ZoGAnA=="
    },
    "node_modules/@toast-ui/editor": {
      "version": "3.2.2",
      "resolved": "https://registry.npmjs.org/@toast-ui/editor/-/editor-3.2.2.tgz",
      "integrity": "sha512-ASX7LFjN2ZYQJrwmkUajPs7DRr9FsM1+RQ82CfTO0Y5ZXorBk1VZS4C2Dpxinx9kl55V4F8/A2h2QF4QMDtRbA==",
      "dependencies": {
        "dompurify": "^2.3.3",
        "prosemirror-commands": "^1.1.9",
        "prosemirror-history": "^1.1.3",
        "prosemirror-inputrules": "^1.1.3",
        "prosemirror-keymap": "^1.1.4",
        "prosemirror-model": "^1.14.1",
        "prosemirror-state": "^1.3.4",
        "prosemirror-view": "^1.18.7"
      }
    },
    "node_modules/@toast-ui/editor-plugin-chart": {
      "version": "3.0.1",
      "resolved": "https://registry.npmjs.org/@toast-ui/editor-plugin-chart/-/editor-plugin-chart-3.0.1.tgz",
      "integrity": "sha512-mdqJerDo836kxKZEa3B6NZOJLrb+acRMkPIanYo//9GFPJcllG7KFdZU+K0bSMapEED7W7OJCsOzM0VNThndHg==",
      "dependencies": {
        "@toast-ui/chart": "^4.1.4"
      }
    },
    "node_modules/@toast-ui/editor-plugin-code-syntax-highlight": {
      "version": "3.1.0",
      "resolved": "https://registry.npmjs.org/@toast-ui/editor-plugin-code-syntax-highlight/-/editor-plugin-code-syntax-highlight-3.1.0.tgz",
      "integrity": "sha512-OgX5pZiTnHREoTTXDAFu1k6RzEspGOxeJNRlt/Lnoi1GvLbIpUTTbBcls9becpXT/Qdls++8G3r5C60cVdellA==",
      "dependencies": {
        "prismjs": "^1.23.0"
      }
    },
    "node_modules/@toast-ui/editor-plugin-color-syntax": {
      "version": "3.1.0",
      "resolved": "https://registry.npmjs.org/@toast-ui/editor-plugin-color-syntax/-/editor-plugin-color-syntax-3.1.0.tgz",
      "integrity": "sha512-UVKfMBPV+3snSaJn9RUKGbxJbgi92D2t68ow8wAjGezvMp1ht4UVETrvomdTGr+RYhXSeH3JvSwN9nmQqw0qzA==",
      "dependencies": {
        "tui-color-picker": "^2.2.6"
      }
    },
    "node_modules/@toast-ui/editor-plugin-table-merged-cell": {
      "version": "3.1.0",
      "resolved": "https://registry.npmjs.org/@toast-ui/editor-plugin-table-merged-cell/-/editor-plugin-table-merged-cell-3.1.0.tgz",
      "integrity": "sha512-9ch9h1heTs0Kkmhwpb1ef9psQSM77wvUO3J75BsHv3RO5nAug42W3HC4Y+qbX5n1z1VhOGGjuOb4GPIr8s5dRA=="
    },
    "node_modules/@toast-ui/editor-plugin-uml": {
      "version": "3.0.1",
      "resolved": "https://registry.npmjs.org/@toast-ui/editor-plugin-uml/-/editor-plugin-uml-3.0.1.tgz",
      "integrity": "sha512-KKvTB++lJkogOSBgtgJqli5nW76/fgxh0CvsHqKh5WQu2r6O+BTGPBG6oRy9PBfJvwN1g8YZ4ZLQGXSXDrtm1w==",
      "dependencies": {
        "plantuml-encoder": "^1.4.0"
      }
    },
    "node_modules/dompurify": {
      "version": "2.4.4",
      "resolved": "https://registry.npmjs.org/dompurify/-/dompurify-2.4.4.tgz",
      "integrity": "sha512-1e2SpqHiRx4DPvmRuXU5J0di3iQACwJM+mFGE2HAkkK7Tbnfk9WcghcAmyWc9CRrjyRRUpmuhPUH6LphQQR3EQ=="
    },
    "node_modules/idb-keyval": {
      "version": "6.2.0",
      "resolved": "https://registry.npmjs.org/idb-keyval/-/idb-keyval-6.2.0.tgz",
      "integrity": "sha512-uw+MIyQn2jl3+hroD7hF8J7PUviBU7BPKWw4f/ISf32D4LoGu98yHjrzWWJDASu9QNrX10tCJqk9YY0ClWm8Ng==",
      "dependencies": {
        "safari-14-idb-fix": "^3.0.0"
      }
    },
    "node_modules/jquery": {
      "version": "3.6.3",
      "resolved": "https://registry.npmjs.org/jquery/-/jquery-3.6.3.tgz",
      "integrity": "sha512-bZ5Sy3YzKo9Fyc8wH2iIQK4JImJ6R0GWI9kL1/k7Z91ZBNgkRXE6U0JfHIizZbort8ZunhSI3jw9I6253ahKfg=="
    },
    "node_modules/orderedmap": {
      "version": "2.1.0",
      "resolved": "https://registry.npmjs.org/orderedmap/-/orderedmap-2.1.0.tgz",
      "integrity": "sha512-/pIFexOm6S70EPdznemIz3BQZoJ4VTFrhqzu0ACBqBgeLsLxq8e6Jim63ImIfwW/zAD1AlXpRMlOv3aghmo4dA=="
    },
    "node_modules/plantuml-encoder": {
      "version": "1.4.0",
      "resolved": "https://registry.npmjs.org/plantuml-encoder/-/plantuml-encoder-1.4.0.tgz",
      "integrity": "sha512-sxMwpDw/ySY1WB2CE3+IdMuEcWibJ72DDOsXLkSmEaSzwEUaYBT6DWgOfBiHGCux4q433X6+OEFWjlVqp7gL6g=="
    },
    "node_modules/prismjs": {
      "version": "1.29.0",
      "resolved": "https://registry.npmjs.org/prismjs/-/prismjs-1.29.0.tgz",
      "integrity": "sha512-Kx/1w86q/epKcmte75LNrEoT+lX8pBpavuAbvJWRXar7Hz8jrtF+e3vY751p0R8H9HdArwaCTNDDzHg/ScJK1Q==",
      "engines": {
        "node": ">=6"
      }
    },
    "node_modules/prosemirror-commands": {
      "version": "1.5.0",
      "resolved": "https://registry.npmjs.org/prosemirror-commands/-/prosemirror-commands-1.5.0.tgz",
      "integrity": "sha512-zL0Fxbj3fh71GPNHn5YdYgYGX2aU2XLecZYk2ekEF0oOD259HcXtM+96VjPVi5o3h4sGUdDfEEhGiREXW6U+4A==",
      "dependencies": {
        "prosemirror-model": "^1.0.0",
        "prosemirror-state": "^1.0.0",
        "prosemirror-transform": "^1.0.0"
      }
    },
    "node_modules/prosemirror-history": {
      "version": "1.3.0",
      "resolved": "https://registry.npmjs.org/prosemirror-history/-/prosemirror-history-1.3.0.tgz",
      "integrity": "sha512-qo/9Wn4B/Bq89/YD+eNWFbAytu6dmIM85EhID+fz9Jcl9+DfGEo8TTSrRhP15+fFEoaPqpHSxlvSzSEbmlxlUA==",
      "dependencies": {
        "prosemirror-state": "^1.2.2",
        "prosemirror-transform": "^1.0.0",
        "rope-sequence": "^1.3.0"
      }
    },
    "node_modules/prosemirror-inputrules": {
      "version": "1.2.0",
      "resolved": "https://registry.npmjs.org/prosemirror-inputrules/-/prosemirror-inputrules-1.2.0.tgz",
      "integrity": "sha512-eAW/M/NTSSzpCOxfR8Abw6OagdG0MiDAiWHQMQveIsZtoKVYzm0AflSPq/ymqJd56/Su1YPbwy9lM13wgHOFmQ==",
      "dependencies": {
        "prosemirror-state": "^1.0.0",
        "prosemirror-transform": "^1.0.0"
      }
    },
    "node_modules/prosemirror-keymap": {
      "version": "1.2.1",
      "resolved": "https://registry.npmjs.org/prosemirror-keymap/-/prosemirror-keymap-1.2.1.tgz",
      "integrity": "sha512-kVK6WGC+83LZwuSJnuCb9PsADQnFZllt94qPP3Rx/vLcOUV65+IbBeH2nS5cFggPyEVJhGkGrgYFRrG250WhHQ==",
      "dependencies": {
        "prosemirror-state": "^1.0.0",
        "w3c-keyname": "^2.2.0"
      }
    },
    "node_modules/prosemirror-model": {
      "version": "1.19.0",
      "resolved": "https://registry.npmjs.org/prosemirror-model/-/prosemirror-model-1.19.0.tgz",
      "integrity": "sha512-/CvFGJnwc41EJSfDkQLly1cAJJJmBpZwwUJtwZPTjY2RqZJfM8HVbCreOY/jti8wTRbVyjagcylyGoeJH/g/3w==",
      "dependencies": {
        "orderedmap": "^2.0.0"
      }
    },
    "node_modules/prosemirror-state": {
      "version": "1.4.2",
      "resolved": "https://registry.npmjs.org/prosemirror-state/-/prosemirror-state-1.4.2.tgz",
      "integrity": "sha512-puuzLD2mz/oTdfgd8msFbe0A42j5eNudKAAPDB0+QJRw8cO1ygjLmhLrg9RvDpf87Dkd6D4t93qdef00KKNacQ==",
      "dependencies": {
        "prosemirror-model": "^1.0.0",
        "prosemirror-transform": "^1.0.0",
        "prosemirror-view": "^1.27.0"
      }
    },
    "node_modules/prosemirror-transform": {
      "version": "1.7.1",
      "resolved": "https://registry.npmjs.org/prosemirror-transform/-/prosemirror-transform-1.7.1.tgz",
      "integrity": "sha512-VteoifAfpt46z0yEt6Fc73A5OID9t/y2QIeR5MgxEwTuitadEunD/V0c9jQW8ziT8pbFM54uTzRLJ/nLuQjMxg==",
      "dependencies": {
        "prosemirror-model": "^1.0.0"
      }
    },
    "node_modules/prosemirror-view": {
      "version": "1.30.1",
      "resolved": "https://registry.npmjs.org/prosemirror-view/-/prosemirror-view-1.30.1.tgz",
      "integrity": "sha512-pZUfr7lICJkEY7XwzldAKrkflZDeIvnbfuu2RIS01N5NwJmR/dfZzDzJRzhb3SM2QtT/bM8b4Nnib8X3MGpAhA==",
      "dependencies": {
        "prosemirror-model": "^1.16.0",
        "prosemirror-state": "^1.0.0",
        "prosemirror-transform": "^1.1.0"
      }
    },
    "node_modules/rope-sequence": {
      "version": "1.3.3",
      "resolved": "https://registry.npmjs.org/rope-sequence/-/rope-sequence-1.3.3.tgz",
      "integrity": "sha512-85aZYCxweiD5J8yTEbw+E6A27zSnLPNDL0WfPdw3YYodq7WjnTKo0q4dtyQ2gz23iPT8Q9CUyJtAaUNcTxRf5Q=="
    },
    "node_modules/safari-14-idb-fix": {
      "version": "3.0.0",
      "resolved": "https://registry.npmjs.org/safari-14-idb-fix/-/safari-14-idb-fix-3.0.0.tgz",
      "integrity": "sha512-eBNFLob4PMq8JA1dGyFn6G97q3/WzNtFK4RnzT1fnLq+9RyrGknzYiM/9B12MnKAxuj1IXr7UKYtTNtjyKMBog=="
    },
    "node_modules/tui-color-picker": {
      "version": "2.2.8",
      "resolved": "https://registry.npmjs.org/tui-color-picker/-/tui-color-picker-2.2.8.tgz",
      "integrity": "sha512-q5sE9NQ5NR9lYpilYjcI7Sdv0KCogo+W8fZY+AYTj/HYg+9fscYy3UuJ6UQiV1bF+ARCLwFRWC8UcOt9kuUctQ=="
    },
    "node_modules/w3c-keyname": {
      "version": "2.2.6",
      "resolved": "https://registry.npmjs.org/w3c-keyname/-/w3c-keyname-2.2.6.tgz",
      "integrity": "sha512-f+fciywl1SJEniZHD6H+kUO8gOnwIr7f4ijKA6+ZvJFjeGi1r4PDLl53Ayud9O/rk64RqgoQine0feoeOU0kXg=="
    }
  },
  "dependencies": {
    "@toast-ui/chart": {
      "version": "4.6.1",
      "resolved": "https://registry.npmjs.org/@toast-ui/chart/-/chart-4.6.1.tgz",
      "integrity": "sha512-F35IkHS0U9zqN6xIV1Yj3/wh8KGlZyzT3bwVGBJh/82DMDMn8rD2Us8X7xBMBGcZ3E15qkfnKjrATxU5ZoGAnA=="
    },
    "@toast-ui/editor": {
      "version": "3.2.2",
      "resolved": "https://registry.npmjs.org/@toast-ui/editor/-/editor-3.2.2.tgz",
      "integrity": "sha512-ASX7LFjN2ZYQJrwmkUajPs7DRr9FsM1+RQ82CfTO0Y5ZXorBk1VZS4C2Dpxinx9kl55V4F8/A2h2QF4QMDtRbA==",
      "requires": {
        "dompurify": "^2.3.3",
        "prosemirror-commands": "^1.1.9",
        "prosemirror-history": "^1.1.3",
        "prosemirror-inputrules": "^1.1.3",
        "prosemirror-keymap": "^1.1.4",
        "prosemirror-model": "^1.14.1",
        "prosemirror-state": "^1.3.4",
        "prosemirror-view": "^1.18.7"
      }
    },
    "@toast-ui/editor-plugin-chart": {
      "version": "3.0.1",
      "resolved": "https://registry.npmjs.org/@toast-ui/editor-plugin-chart/-/editor-plugin-chart-3.0.1.tgz",
      "integrity": "sha512-mdqJerDo836kxKZEa3B6NZOJLrb+acRMkPIanYo//9GFPJcllG7KFdZU+K0bSMapEED7W7OJCsOzM0VNThndHg==",
      "requires": {
        "@toast-ui/chart": "^4.1.4"
      }
    },
    "@toast-ui/editor-plugin-code-syntax-highlight": {
      "version": "3.1.0",
      "resolved": "https://registry.npmjs.org/@toast-ui/editor-plugin-code-syntax-highlight/-/editor-plugin-code-syntax-highlight-3.1.0.tgz",
      "integrity": "sha512-OgX5pZiTnHREoTTXDAFu1k6RzEspGOxeJNRlt/Lnoi1GvLbIpUTTbBcls9becpXT/Qdls++8G3r5C60cVdellA==",
      "requires": {
        "prismjs": "^1.23.0"
      }
    },
    "@toast-ui/editor-plugin-color-syntax": {
      "version": "3.1.0",
      "resolved": "https://registry.npmjs.org/@toast-ui/editor-plugin-color-syntax/-/editor-plugin-color-syntax-3.1.0.tgz",
      "integrity": "sha512-UVKfMBPV+3snSaJn9RUKGbxJbgi92D2t68ow8wAjGezvMp1ht4UVETrvomdTGr+RYhXSeH3JvSwN9nmQqw0qzA==",
      "requires": {
        "tui-color-picker": "^2.2.6"
      }
    },
    "@toast-ui/editor-plugin-table-merged-cell": {
      "version": "3.1.0",
      "resolved": "https://registry.npmjs.org/@toast-ui/editor-plugin-table-merged-cell/-/editor-plugin-table-merged-cell-3.1.0.tgz",
      "integrity": "sha512-9ch9h1heTs0Kkmhwpb1ef9psQSM77wvUO3J75BsHv3RO5nAug42W3HC4Y+qbX5n1z1VhOGGjuOb4GPIr8s5dRA=="
    },
    "@toast-ui/editor-plugin-uml": {
      "version": "3.0.1",
      "resolved": "https://registry.npmjs.org/@toast-ui/editor-plugin-uml/-/editor-plugin-uml-3.0.1.tgz",
      "integrity": "sha512-KKvTB++lJkogOSBgtgJqli5nW76/fgxh0CvsHqKh5WQu2r6O+BTGPBG6oRy9PBfJvwN1g8YZ4ZLQGXSXDrtm1w==",
      "requires": {
        "plantuml-encoder": "^1.4.0"
      }
    },
    "dompurify": {
      "version": "2.4.4",
      "resolved": "https://registry.npmjs.org/dompurify/-/dompurify-2.4.4.tgz",
      "integrity": "sha512-1e2SpqHiRx4DPvmRuXU5J0di3iQACwJM+mFGE2HAkkK7Tbnfk9WcghcAmyWc9CRrjyRRUpmuhPUH6LphQQR3EQ=="
    },
    "idb-keyval": {
      "version": "6.2.0",
      "resolved": "https://registry.npmjs.org/idb-keyval/-/idb-keyval-6.2.0.tgz",
      "integrity": "sha512-uw+MIyQn2jl3+hroD7hF8J7PUviBU7BPKWw4f/ISf32D4LoGu98yHjrzWWJDASu9QNrX10tCJqk9YY0ClWm8Ng==",
      "requires": {
        "safari-14-idb-fix": "^3.0.0"
      }
    },
    "jquery": {
      "version": "3.6.3",
      "resolved": "https://registry.npmjs.org/jquery/-/jquery-3.6.3.tgz",
      "integrity": "sha512-bZ5Sy3YzKo9Fyc8wH2iIQK4JImJ6R0GWI9kL1/k7Z91ZBNgkRXE6U0JfHIizZbort8ZunhSI3jw9I6253ahKfg=="
    },
    "orderedmap": {
      "version": "2.1.0",
      "resolved": "https://registry.npmjs.org/orderedmap/-/orderedmap-2.1.0.tgz",
      "integrity": "sha512-/pIFexOm6S70EPdznemIz3BQZoJ4VTFrhqzu0ACBqBgeLsLxq8e6Jim63ImIfwW/zAD1AlXpRMlOv3aghmo4dA=="
    },
    "plantuml-encoder": {
      "version": "1.4.0",
      "resolved": "https://registry.npmjs.org/plantuml-encoder/-/plantuml-encoder-1.4.0.tgz",
      "integrity": "sha512-sxMwpDw/ySY1WB2CE3+IdMuEcWibJ72DDOsXLkSmEaSzwEUaYBT6DWgOfBiHGCux4q433X6+OEFWjlVqp7gL6g=="
    },
    "prismjs": {
      "version": "1.29.0",
      "resolved": "https://registry.npmjs.org/prismjs/-/prismjs-1.29.0.tgz",
      "integrity": "sha512-Kx/1w86q/epKcmte75LNrEoT+lX8pBpavuAbvJWRXar7Hz8jrtF+e3vY751p0R8H9HdArwaCTNDDzHg/ScJK1Q=="
    },
    "prosemirror-commands": {
      "version": "1.5.0",
      "resolved": "https://registry.npmjs.org/prosemirror-commands/-/prosemirror-commands-1.5.0.tgz",
      "integrity": "sha512-zL0Fxbj3fh71GPNHn5YdYgYGX2aU2XLecZYk2ekEF0oOD259HcXtM+96VjPVi5o3h4sGUdDfEEhGiREXW6U+4A==",
      "requires": {
        "prosemirror-model": "^1.0.0",
        "prosemirror-state": "^1.0.0",
        "prosemirror-transform": "^1.0.0"
      }
    },
    "prosemirror-history": {
      "version": "1.3.0",
      "resolved": "https://registry.npmjs.org/prosemirror-history/-/prosemirror-history-1.3.0.tgz",
      "integrity": "sha512-qo/9Wn4B/Bq89/YD+eNWFbAytu6dmIM85EhID+fz9Jcl9+DfGEo8TTSrRhP15+fFEoaPqpHSxlvSzSEbmlxlUA==",
      "requires": {
        "prosemirror-state": "^1.2.2",
        "prosemirror-transform": "^1.0.0",
        "rope-sequence": "^1.3.0"
      }
    },
    "prosemirror-inputrules": {
      "version": "1.2.0",
      "resolved": "https://registry.npmjs.org/prosemirror-inputrules/-/prosemirror-inputrules-1.2.0.tgz",
      "integrity": "sha512-eAW/M/NTSSzpCOxfR8Abw6OagdG0MiDAiWHQMQveIsZtoKVYzm0AflSPq/ymqJd56/Su1YPbwy9lM13wgHOFmQ==",
      "requires": {
        "prosemirror-state": "^1.0.0",
        "prosemirror-transform": "^1.0.0"
      }
    },
    "prosemirror-keymap": {
      "version": "1.2.1",
      "resolved": "https://registry.npmjs.org/prosemirror-keymap/-/prosemirror-keymap-1.2.1.tgz",
      "integrity": "sha512-kVK6WGC+83LZwuSJnuCb9PsADQnFZllt94qPP3Rx/vLcOUV65+IbBeH2nS5cFggPyEVJhGkGrgYFRrG250WhHQ==",
      "requires": {
        "prosemirror-state": "^1.0.0",
        "w3c-keyname": "^2.2.0"
      }
    },
    "prosemirror-model": {
      "version": "1.19.0",
      "resolved": "https://registry.npmjs.org/prosemirror-model/-/prosemirror-model-1.19.0.tgz",
      "integrity": "sha512-/CvFGJnwc41EJSfDkQLly1cAJJJmBpZwwUJtwZPTjY2RqZJfM8HVbCreOY/jti8wTRbVyjagcylyGoeJH/g/3w==",
      "requires": {
        "orderedmap": "^2.0.0"
      }
    },
    "prosemirror-state": {
      "version": "1.4.2",
      "resolved": "https://registry.npmjs.org/prosemirror-state/-/prosemirror-state-1.4.2.tgz",
      "integrity": "sha512-puuzLD2mz/oTdfgd8msFbe0A42j5eNudKAAPDB0+QJRw8cO1ygjLmhLrg9RvDpf87Dkd6D4t93qdef00KKNacQ==",
      "requires": {
        "prosemirror-model": "^1.0.0",
        "prosemirror-transform": "^1.0.0",
        "prosemirror-view": "^1.27.0"
      }
    },
    "prosemirror-transform": {
      "version": "1.7.1",
      "resolved": "https://registry.npmjs.org/prosemirror-transform/-/prosemirror-transform-1.7.1.tgz",
      "integrity": "sha512-VteoifAfpt46z0yEt6Fc73A5OID9t/y2QIeR5MgxEwTuitadEunD/V0c9jQW8ziT8pbFM54uTzRLJ/nLuQjMxg==",
      "requires": {
        "prosemirror-model": "^1.0.0"
      }
    },
    "prosemirror-view": {
      "version": "1.30.1",
      "resolved": "https://registry.npmjs.org/prosemirror-view/-/prosemirror-view-1.30.1.tgz",
      "integrity": "sha512-pZUfr7lICJkEY7XwzldAKrkflZDeIvnbfuu2RIS01N5NwJmR/dfZzDzJRzhb3SM2QtT/bM8b4Nnib8X3MGpAhA==",
      "requires": {
        "prosemirror-model": "^1.16.0",
        "prosemirror-state": "^1.0.0",
        "prosemirror-transform": "^1.1.0"
      }
    },
    "rope-sequence": {
      "version": "1.3.3",
      "resolved": "https://registry.npmjs.org/rope-sequence/-/rope-sequence-1.3.3.tgz",
      "integrity": "sha512-85aZYCxweiD5J8yTEbw+E6A27zSnLPNDL0WfPdw3YYodq7WjnTKo0q4dtyQ2gz23iPT8Q9CUyJtAaUNcTxRf5Q=="
    },
    "safari-14-idb-fix": {
      "version": "3.0.0",
      "resolved": "https://registry.npmjs.org/safari-14-idb-fix/-/safari-14-idb-fix-3.0.0.tgz",
      "integrity": "sha512-eBNFLob4PMq8JA1dGyFn6G97q3/WzNtFK4RnzT1fnLq+9RyrGknzYiM/9B12MnKAxuj1IXr7UKYtTNtjyKMBog=="
    },
    "tui-color-picker": {
      "version": "2.2.8",
      "resolved": "https://registry.npmjs.org/tui-color-picker/-/tui-color-picker-2.2.8.tgz",
      "integrity": "sha512-q5sE9NQ5NR9lYpilYjcI7Sdv0KCogo+W8fZY+AYTj/HYg+9fscYy3UuJ6UQiV1bF+ARCLwFRWC8UcOt9kuUctQ=="
    },
    "w3c-keyname": {
      "version": "2.2.6",
      "resolved": "https://registry.npmjs.org/w3c-keyname/-/w3c-keyname-2.2.6.tgz",
      "integrity": "sha512-f+fciywl1SJEniZHD6H+kUO8gOnwIr7f4ijKA6+ZvJFjeGi1r4PDLl53Ayud9O/rk64RqgoQine0feoeOU0kXg=="
    }
  }
}
